// !$*UTF8*$!
{
	archiveVersion = 1;
	classes = {
	};
	objectVersion = 55;
	objects = {

/* Begin PBXBuildFile section */
		D83B2E18289B47FE001853CA /* FirebaseAuth in Frameworks */ = {isa = PBXBuildFile; productRef = D83B2E17289B47FE001853CA /* FirebaseAuth */; };
		D83B2E1A289B47FE001853CA /* FirebaseFirestore in Frameworks */ = {isa = PBXBuildFile; productRef = D83B2E19289B47FE001853CA /* FirebaseFirestore */; };
		D83B2E1C289B47FE001853CA /* FirebaseFirestoreCombine-Community in Frameworks */ = {isa = PBXBuildFile; productRef = D83B2E1B289B47FE001853CA /* FirebaseFirestoreCombine-Community */; };
		D83B2E1E289B47FE001853CA /* FirebaseFirestoreSwift in Frameworks */ = {isa = PBXBuildFile; productRef = D83B2E1D289B47FE001853CA /* FirebaseFirestoreSwift */; };
		D83B2E20289B47FE001853CA /* FirebaseStorage in Frameworks */ = {isa = PBXBuildFile; productRef = D83B2E1F289B47FE001853CA /* FirebaseStorage */; };
		D84491DE289761BC002B1653 /* Team.swift in Sources */ = {isa = PBXBuildFile; fileRef = D84491DD289761BC002B1653 /* Team.swift */; };
		D84491E1289B2C85002B1653 /* LeaderboardView.swift in Sources */ = {isa = PBXBuildFile; fileRef = D84491E0289B2C85002B1653 /* LeaderboardView.swift */; };
		D84491E3289B2D5A002B1653 /* ProfileView.swift in Sources */ = {isa = PBXBuildFile; fileRef = D84491E2289B2D5A002B1653 /* ProfileView.swift */; };
		D84491E9289B30FD002B1653 /* Network.swift in Sources */ = {isa = PBXBuildFile; fileRef = D84491E8289B30FD002B1653 /* Network.swift */; };
		D84491EB289B37A7002B1653 /* LoginView.swift in Sources */ = {isa = PBXBuildFile; fileRef = D84491EA289B37A7002B1653 /* LoginView.swift */; };
		D84491ED289B37E0002B1653 /* MainView.swift in Sources */ = {isa = PBXBuildFile; fileRef = D84491EC289B37E0002B1653 /* MainView.swift */; };
		D88006042897141C00FCC982 /* PickTwoApp.swift in Sources */ = {isa = PBXBuildFile; fileRef = D88006032897141C00FCC982 /* PickTwoApp.swift */; };
		D88006062897141C00FCC982 /* RankingsView.swift in Sources */ = {isa = PBXBuildFile; fileRef = D88006052897141C00FCC982 /* RankingsView.swift */; };
		D88006082897141E00FCC982 /* Assets.xcassets in Resources */ = {isa = PBXBuildFile; fileRef = D88006072897141E00FCC982 /* Assets.xcassets */; };
		D880060B2897141E00FCC982 /* Preview Assets.xcassets in Resources */ = {isa = PBXBuildFile; fileRef = D880060A2897141E00FCC982 /* Preview Assets.xcassets */; };
		D88006152897141E00FCC982 /* PickTwoTests.swift in Sources */ = {isa = PBXBuildFile; fileRef = D88006142897141E00FCC982 /* PickTwoTests.swift */; };
		D880061F2897141E00FCC982 /* PickTwoUITests.swift in Sources */ = {isa = PBXBuildFile; fileRef = D880061E2897141E00FCC982 /* PickTwoUITests.swift */; };
		D88006212897141E00FCC982 /* PickTwoUITestsLaunchTests.swift in Sources */ = {isa = PBXBuildFile; fileRef = D88006202897141E00FCC982 /* PickTwoUITestsLaunchTests.swift */; };
		D880062F2897222B00FCC982 /* Network in Resources */ = {isa = PBXBuildFile; fileRef = D880062E2897222B00FCC982 /* Network */; };
		D88006322897259600FCC982 /* Poll.swift in Sources */ = {isa = PBXBuildFile; fileRef = D88006312897259600FCC982 /* Poll.swift */; };
		D8CACEE128AB0A2F00F225F0 /* GoogleService-Info.plist in Resources */ = {isa = PBXBuildFile; fileRef = D8CACEE028AB0A2F00F225F0 /* GoogleService-Info.plist */; };
		D8CACEE228AB0A2F00F225F0 /* GoogleService-Info.plist in Resources */ = {isa = PBXBuildFile; fileRef = D8CACEE028AB0A2F00F225F0 /* GoogleService-Info.plist */; };
		D8CACEE528AB141F00F225F0 /* FirebaseFirestore in Frameworks */ = {isa = PBXBuildFile; productRef = D8CACEE428AB141F00F225F0 /* FirebaseFirestore */; };
		D8CACEE728AB141F00F225F0 /* FirebaseFirestoreCombine-Community in Frameworks */ = {isa = PBXBuildFile; productRef = D8CACEE628AB141F00F225F0 /* FirebaseFirestoreCombine-Community */; };
		D8CACEE928AB141F00F225F0 /* FirebaseFirestoreSwift in Frameworks */ = {isa = PBXBuildFile; productRef = D8CACEE828AB141F00F225F0 /* FirebaseFirestoreSwift */; };
		D8CACEEB28ADBD0C00F225F0 /* Constants.swift in Sources */ = {isa = PBXBuildFile; fileRef = D8CACEEA28ADBD0C00F225F0 /* Constants.swift */; };
		D8CACEEC28ADBD0C00F225F0 /* Constants.swift in Sources */ = {isa = PBXBuildFile; fileRef = D8CACEEA28ADBD0C00F225F0 /* Constants.swift */; };
		D8CACEEE28AF345A00F225F0 /* Game.swift in Sources */ = {isa = PBXBuildFile; fileRef = D8CACEED28AF345A00F225F0 /* Game.swift */; };
		D8CACEEF28AF345A00F225F0 /* Game.swift in Sources */ = {isa = PBXBuildFile; fileRef = D8CACEED28AF345A00F225F0 /* Game.swift */; };
		D8CACEF128AF3E6800F225F0 /* GamesView.swift in Sources */ = {isa = PBXBuildFile; fileRef = D8CACEF028AF3E6800F225F0 /* GamesView.swift */; };
		D8CACEF228AF3E6800F225F0 /* GamesView.swift in Sources */ = {isa = PBXBuildFile; fileRef = D8CACEF028AF3E6800F225F0 /* GamesView.swift */; };
		D8CACEF428B0737600F225F0 /* Config.swift in Sources */ = {isa = PBXBuildFile; fileRef = D8CACEF328B0737600F225F0 /* Config.swift */; };
		D8CACEF528B0737600F225F0 /* Config.swift in Sources */ = {isa = PBXBuildFile; fileRef = D8CACEF328B0737600F225F0 /* Config.swift */; };
		D8CACEFD28BEB45000F225F0 /* User.swift in Sources */ = {isa = PBXBuildFile; fileRef = D8CACEFC28BEB45000F225F0 /* User.swift */; };
		D8CACEFE28BEB45000F225F0 /* User.swift in Sources */ = {isa = PBXBuildFile; fileRef = D8CACEFC28BEB45000F225F0 /* User.swift */; };
/* End PBXBuildFile section */

/* Begin PBXContainerItemProxy section */
		D88006112897141E00FCC982 /* PBXContainerItemProxy */ = {
			isa = PBXContainerItemProxy;
			containerPortal = D88005F82897141C00FCC982 /* Project object */;
			proxyType = 1;
			remoteGlobalIDString = D88005FF2897141C00FCC982;
			remoteInfo = PickTwo;
		};
		D880061B2897141E00FCC982 /* PBXContainerItemProxy */ = {
			isa = PBXContainerItemProxy;
			containerPortal = D88005F82897141C00FCC982 /* Project object */;
			proxyType = 1;
			remoteGlobalIDString = D88005FF2897141C00FCC982;
			remoteInfo = PickTwo;
		};
/* End PBXContainerItemProxy section */

/* Begin PBXFileReference section */
		D84491DD289761BC002B1653 /* Team.swift */ = {isa = PBXFileReference; lastKnownFileType = sourcecode.swift; path = Team.swift; sourceTree = "<group>"; };
		D84491DF28977566002B1653 /* Info.plist */ = {isa = PBXFileReference; lastKnownFileType = text.plist; path = Info.plist; sourceTree = "<group>"; };
		D84491E0289B2C85002B1653 /* LeaderboardView.swift */ = {isa = PBXFileReference; lastKnownFileType = sourcecode.swift; path = LeaderboardView.swift; sourceTree = "<group>"; };
		D84491E2289B2D5A002B1653 /* ProfileView.swift */ = {isa = PBXFileReference; lastKnownFileType = sourcecode.swift; path = ProfileView.swift; sourceTree = "<group>"; };
		D84491E8289B30FD002B1653 /* Network.swift */ = {isa = PBXFileReference; lastKnownFileType = sourcecode.swift; path = Network.swift; sourceTree = "<group>"; };
		D84491EA289B37A7002B1653 /* LoginView.swift */ = {isa = PBXFileReference; lastKnownFileType = sourcecode.swift; path = LoginView.swift; sourceTree = "<group>"; };
		D84491EC289B37E0002B1653 /* MainView.swift */ = {isa = PBXFileReference; lastKnownFileType = sourcecode.swift; path = MainView.swift; sourceTree = "<group>"; };
		D84491EE289B408C002B1653 /* PickTwo.entitlements */ = {isa = PBXFileReference; lastKnownFileType = text.plist.entitlements; path = PickTwo.entitlements; sourceTree = "<group>"; };
		D88006002897141C00FCC982 /* PickTwo.app */ = {isa = PBXFileReference; explicitFileType = wrapper.application; includeInIndex = 0; path = PickTwo.app; sourceTree = BUILT_PRODUCTS_DIR; };
		D88006032897141C00FCC982 /* PickTwoApp.swift */ = {isa = PBXFileReference; lastKnownFileType = sourcecode.swift; path = PickTwoApp.swift; sourceTree = "<group>"; };
		D88006052897141C00FCC982 /* RankingsView.swift */ = {isa = PBXFileReference; lastKnownFileType = sourcecode.swift; path = RankingsView.swift; sourceTree = "<group>"; };
		D88006072897141E00FCC982 /* Assets.xcassets */ = {isa = PBXFileReference; lastKnownFileType = folder.assetcatalog; path = Assets.xcassets; sourceTree = "<group>"; };
		D880060A2897141E00FCC982 /* Preview Assets.xcassets */ = {isa = PBXFileReference; lastKnownFileType = folder.assetcatalog; path = "Preview Assets.xcassets"; sourceTree = "<group>"; };
		D88006102897141E00FCC982 /* PickTwoTests.xctest */ = {isa = PBXFileReference; explicitFileType = wrapper.cfbundle; includeInIndex = 0; path = PickTwoTests.xctest; sourceTree = BUILT_PRODUCTS_DIR; };
		D88006142897141E00FCC982 /* PickTwoTests.swift */ = {isa = PBXFileReference; lastKnownFileType = sourcecode.swift; path = PickTwoTests.swift; sourceTree = "<group>"; };
		D880061A2897141E00FCC982 /* PickTwoUITests.xctest */ = {isa = PBXFileReference; explicitFileType = wrapper.cfbundle; includeInIndex = 0; path = PickTwoUITests.xctest; sourceTree = BUILT_PRODUCTS_DIR; };
		D880061E2897141E00FCC982 /* PickTwoUITests.swift */ = {isa = PBXFileReference; lastKnownFileType = sourcecode.swift; path = PickTwoUITests.swift; sourceTree = "<group>"; };
		D88006202897141E00FCC982 /* PickTwoUITestsLaunchTests.swift */ = {isa = PBXFileReference; lastKnownFileType = sourcecode.swift; path = PickTwoUITestsLaunchTests.swift; sourceTree = "<group>"; };
		D880062E2897222B00FCC982 /* Network */ = {isa = PBXFileReference; lastKnownFileType = folder; path = Network; sourceTree = "<group>"; };
		D88006312897259600FCC982 /* Poll.swift */ = {isa = PBXFileReference; lastKnownFileType = sourcecode.swift; path = Poll.swift; sourceTree = "<group>"; };
		D8CACEE028AB0A2F00F225F0 /* GoogleService-Info.plist */ = {isa = PBXFileReference; fileEncoding = 4; lastKnownFileType = text.plist.xml; path = "GoogleService-Info.plist"; sourceTree = "<group>"; };
		D8CACEEA28ADBD0C00F225F0 /* Constants.swift */ = {isa = PBXFileReference; lastKnownFileType = sourcecode.swift; path = Constants.swift; sourceTree = "<group>"; };
		D8CACEED28AF345A00F225F0 /* Game.swift */ = {isa = PBXFileReference; lastKnownFileType = sourcecode.swift; path = Game.swift; sourceTree = "<group>"; };
		D8CACEF028AF3E6800F225F0 /* GamesView.swift */ = {isa = PBXFileReference; lastKnownFileType = sourcecode.swift; path = GamesView.swift; sourceTree = "<group>"; };
		D8CACEF328B0737600F225F0 /* Config.swift */ = {isa = PBXFileReference; lastKnownFileType = sourcecode.swift; path = Config.swift; sourceTree = "<group>"; };
		D8CACEFC28BEB45000F225F0 /* User.swift */ = {isa = PBXFileReference; lastKnownFileType = sourcecode.swift; path = User.swift; sourceTree = "<group>"; };
/* End PBXFileReference section */

/* Begin PBXFrameworksBuildPhase section */
		D88005FD2897141C00FCC982 /* Frameworks */ = {
			isa = PBXFrameworksBuildPhase;
			buildActionMask = 2147483647;
			files = (
				D83B2E1C289B47FE001853CA /* FirebaseFirestoreCombine-Community in Frameworks */,
				D83B2E18289B47FE001853CA /* FirebaseAuth in Frameworks */,
				D83B2E1A289B47FE001853CA /* FirebaseFirestore in Frameworks */,
				D83B2E20289B47FE001853CA /* FirebaseStorage in Frameworks */,
				D83B2E1E289B47FE001853CA /* FirebaseFirestoreSwift in Frameworks */,
				D8CACEE528AB141F00F225F0 /* FirebaseFirestore in Frameworks */,
				D8CACEE728AB141F00F225F0 /* FirebaseFirestoreCombine-Community in Frameworks */,
				D8CACEE928AB141F00F225F0 /* FirebaseFirestoreSwift in Frameworks */,
			);
			runOnlyForDeploymentPostprocessing = 0;
		};
		D880060D2897141E00FCC982 /* Frameworks */ = {
			isa = PBXFrameworksBuildPhase;
			buildActionMask = 2147483647;
			files = (
			);
			runOnlyForDeploymentPostprocessing = 0;
		};
		D88006172897141E00FCC982 /* Frameworks */ = {
			isa = PBXFrameworksBuildPhase;
			buildActionMask = 2147483647;
			files = (
			);
			runOnlyForDeploymentPostprocessing = 0;
		};
/* End PBXFrameworksBuildPhase section */

/* Begin PBXGroup section */
		D84491E4289B2F7A002B1653 /* Views */ = {
			isa = PBXGroup;
			children = (
				D84491E2289B2D5A002B1653 /* ProfileView.swift */,
				D84491E0289B2C85002B1653 /* LeaderboardView.swift */,
				D88006052897141C00FCC982 /* RankingsView.swift */,
				D84491EA289B37A7002B1653 /* LoginView.swift */,
				D84491EC289B37E0002B1653 /* MainView.swift */,
				D8CACEF028AF3E6800F225F0 /* GamesView.swift */,
			);
			path = Views;
			sourceTree = "<group>";
		};
		D84491E5289B2F9D002B1653 /* Utilities */ = {
			isa = PBXGroup;
			children = (
			);
			path = Utilities;
			sourceTree = "<group>";
		};
		D88005F72897141C00FCC982 = {
			isa = PBXGroup;
			children = (
				D88006022897141C00FCC982 /* PickTwo */,
				D88006132897141E00FCC982 /* PickTwoTests */,
				D880061D2897141E00FCC982 /* PickTwoUITests */,
				D88006012897141C00FCC982 /* Products */,
			);
			sourceTree = "<group>";
		};
		D88006012897141C00FCC982 /* Products */ = {
			isa = PBXGroup;
			children = (
				D88006002897141C00FCC982 /* PickTwo.app */,
				D88006102897141E00FCC982 /* PickTwoTests.xctest */,
				D880061A2897141E00FCC982 /* PickTwoUITests.xctest */,
			);
			name = Products;
			sourceTree = "<group>";
		};
		D88006022897141C00FCC982 /* PickTwo */ = {
			isa = PBXGroup;
			children = (
				D84491EE289B408C002B1653 /* PickTwo.entitlements */,
				D84491DF28977566002B1653 /* Info.plist */,
				D88006302897257A00FCC982 /* Models */,
				D880062E2897222B00FCC982 /* Network */,
				D88006032897141C00FCC982 /* PickTwoApp.swift */,
				D84491E8289B30FD002B1653 /* Network.swift */,
				D84491E5289B2F9D002B1653 /* Utilities */,
				D84491E4289B2F7A002B1653 /* Views */,
				D88006072897141E00FCC982 /* Assets.xcassets */,
				D8CACEE028AB0A2F00F225F0 /* GoogleService-Info.plist */,
				D88006092897141E00FCC982 /* Preview Content */,
			);
			path = PickTwo;
			sourceTree = "<group>";
		};
		D88006092897141E00FCC982 /* Preview Content */ = {
			isa = PBXGroup;
			children = (
				D880060A2897141E00FCC982 /* Preview Assets.xcassets */,
			);
			path = "Preview Content";
			sourceTree = "<group>";
		};
		D88006132897141E00FCC982 /* PickTwoTests */ = {
			isa = PBXGroup;
			children = (
				D88006142897141E00FCC982 /* PickTwoTests.swift */,
			);
			path = PickTwoTests;
			sourceTree = "<group>";
		};
		D880061D2897141E00FCC982 /* PickTwoUITests */ = {
			isa = PBXGroup;
			children = (
				D880061E2897141E00FCC982 /* PickTwoUITests.swift */,
				D88006202897141E00FCC982 /* PickTwoUITestsLaunchTests.swift */,
			);
			path = PickTwoUITests;
			sourceTree = "<group>";
		};
		D88006302897257A00FCC982 /* Models */ = {
			isa = PBXGroup;
			children = (
				D88006312897259600FCC982 /* Poll.swift */,
				D84491DD289761BC002B1653 /* Team.swift */,
				D8CACEEA28ADBD0C00F225F0 /* Constants.swift */,
				D8CACEED28AF345A00F225F0 /* Game.swift */,
				D8CACEF328B0737600F225F0 /* Config.swift */,
				D8CACEFC28BEB45000F225F0 /* User.swift */,
			);
			path = Models;
			sourceTree = "<group>";
		};
/* End PBXGroup section */

/* Begin PBXNativeTarget section */
		D88005FF2897141C00FCC982 /* PickTwo */ = {
			isa = PBXNativeTarget;
			buildConfigurationList = D88006242897141E00FCC982 /* Build configuration list for PBXNativeTarget "PickTwo" */;
			buildPhases = (
				D88005FC2897141C00FCC982 /* Sources */,
				D88005FD2897141C00FCC982 /* Frameworks */,
				D88005FE2897141C00FCC982 /* Resources */,
			);
			buildRules = (
			);
			dependencies = (
			);
			name = PickTwo;
			packageProductDependencies = (
				D83B2E17289B47FE001853CA /* FirebaseAuth */,
				D83B2E19289B47FE001853CA /* FirebaseFirestore */,
				D83B2E1B289B47FE001853CA /* FirebaseFirestoreCombine-Community */,
				D83B2E1D289B47FE001853CA /* FirebaseFirestoreSwift */,
				D83B2E1F289B47FE001853CA /* FirebaseStorage */,
				D8CACEE428AB141F00F225F0 /* FirebaseFirestore */,
				D8CACEE628AB141F00F225F0 /* FirebaseFirestoreCombine-Community */,
				D8CACEE828AB141F00F225F0 /* FirebaseFirestoreSwift */,
			);
			productName = PickTwo;
			productReference = D88006002897141C00FCC982 /* PickTwo.app */;
			productType = "com.apple.product-type.application";
		};
		D880060F2897141E00FCC982 /* PickTwoTests */ = {
			isa = PBXNativeTarget;
			buildConfigurationList = D88006272897141E00FCC982 /* Build configuration list for PBXNativeTarget "PickTwoTests" */;
			buildPhases = (
				D880060C2897141E00FCC982 /* Sources */,
				D880060D2897141E00FCC982 /* Frameworks */,
				D880060E2897141E00FCC982 /* Resources */,
			);
			buildRules = (
			);
			dependencies = (
				D88006122897141E00FCC982 /* PBXTargetDependency */,
			);
			name = PickTwoTests;
			productName = PickTwoTests;
			productReference = D88006102897141E00FCC982 /* PickTwoTests.xctest */;
			productType = "com.apple.product-type.bundle.unit-test";
		};
		D88006192897141E00FCC982 /* PickTwoUITests */ = {
			isa = PBXNativeTarget;
			buildConfigurationList = D880062A2897141E00FCC982 /* Build configuration list for PBXNativeTarget "PickTwoUITests" */;
			buildPhases = (
				D88006162897141E00FCC982 /* Sources */,
				D88006172897141E00FCC982 /* Frameworks */,
				D88006182897141E00FCC982 /* Resources */,
			);
			buildRules = (
			);
			dependencies = (
				D880061C2897141E00FCC982 /* PBXTargetDependency */,
			);
			name = PickTwoUITests;
			productName = PickTwoUITests;
			productReference = D880061A2897141E00FCC982 /* PickTwoUITests.xctest */;
			productType = "com.apple.product-type.bundle.ui-testing";
		};
/* End PBXNativeTarget section */

/* Begin PBXProject section */
		D88005F82897141C00FCC982 /* Project object */ = {
			isa = PBXProject;
			attributes = {
				BuildIndependentTargetsInParallel = 1;
				LastSwiftUpdateCheck = 1340;
				LastUpgradeCheck = 1340;
				TargetAttributes = {
					D88005FF2897141C00FCC982 = {
						CreatedOnToolsVersion = 13.4.1;
					};
					D880060F2897141E00FCC982 = {
						CreatedOnToolsVersion = 13.4.1;
						TestTargetID = D88005FF2897141C00FCC982;
					};
					D88006192897141E00FCC982 = {
						CreatedOnToolsVersion = 13.4.1;
						TestTargetID = D88005FF2897141C00FCC982;
					};
				};
			};
			buildConfigurationList = D88005FB2897141C00FCC982 /* Build configuration list for PBXProject "PickTwo" */;
			compatibilityVersion = "Xcode 13.0";
			developmentRegion = en;
			hasScannedForEncodings = 0;
			knownRegions = (
				en,
				Base,
			);
			mainGroup = D88005F72897141C00FCC982;
			packageReferences = (
				D83B2E16289B47FE001853CA /* XCRemoteSwiftPackageReference "firebase-ios-sdk" */,
				D8CACEE328AB141F00F225F0 /* XCRemoteSwiftPackageReference "firebase-ios-sdk" */,
			);
			productRefGroup = D88006012897141C00FCC982 /* Products */;
			projectDirPath = "";
			projectRoot = "";
			targets = (
				D88005FF2897141C00FCC982 /* PickTwo */,
				D880060F2897141E00FCC982 /* PickTwoTests */,
				D88006192897141E00FCC982 /* PickTwoUITests */,
			);
		};
/* End PBXProject section */

/* Begin PBXResourcesBuildPhase section */
		D88005FE2897141C00FCC982 /* Resources */ = {
			isa = PBXResourcesBuildPhase;
			buildActionMask = 2147483647;
			files = (
				D880062F2897222B00FCC982 /* Network in Resources */,
				D8CACEE128AB0A2F00F225F0 /* GoogleService-Info.plist in Resources */,
				D880060B2897141E00FCC982 /* Preview Assets.xcassets in Resources */,
				D88006082897141E00FCC982 /* Assets.xcassets in Resources */,
			);
			runOnlyForDeploymentPostprocessing = 0;
		};
		D880060E2897141E00FCC982 /* Resources */ = {
			isa = PBXResourcesBuildPhase;
			buildActionMask = 2147483647;
			files = (
				D8CACEE228AB0A2F00F225F0 /* GoogleService-Info.plist in Resources */,
			);
			runOnlyForDeploymentPostprocessing = 0;
		};
		D88006182897141E00FCC982 /* Resources */ = {
			isa = PBXResourcesBuildPhase;
			buildActionMask = 2147483647;
			files = (
			);
			runOnlyForDeploymentPostprocessing = 0;
		};
/* End PBXResourcesBuildPhase section */

/* Begin PBXSourcesBuildPhase section */
		D88005FC2897141C00FCC982 /* Sources */ = {
			isa = PBXSourcesBuildPhase;
			buildActionMask = 2147483647;
			files = (
				D88006062897141C00FCC982 /* RankingsView.swift in Sources */,
				D8CACEEB28ADBD0C00F225F0 /* Constants.swift in Sources */,
				D88006322897259600FCC982 /* Poll.swift in Sources */,
				D84491E9289B30FD002B1653 /* Network.swift in Sources */,
				D84491ED289B37E0002B1653 /* MainView.swift in Sources */,
				D84491EB289B37A7002B1653 /* LoginView.swift in Sources */,
				D8CACEFD28BEB45000F225F0 /* User.swift in Sources */,
				D8CACEF428B0737600F225F0 /* Config.swift in Sources */,
				D8CACEF128AF3E6800F225F0 /* GamesView.swift in Sources */,
				D8CACEEE28AF345A00F225F0 /* Game.swift in Sources */,
				D84491DE289761BC002B1653 /* Team.swift in Sources */,
				D84491E1289B2C85002B1653 /* LeaderboardView.swift in Sources */,
				D84491E3289B2D5A002B1653 /* ProfileView.swift in Sources */,
				D88006042897141C00FCC982 /* PickTwoApp.swift in Sources */,
			);
			runOnlyForDeploymentPostprocessing = 0;
		};
		D880060C2897141E00FCC982 /* Sources */ = {
			isa = PBXSourcesBuildPhase;
			buildActionMask = 2147483647;
			files = (
				D88006152897141E00FCC982 /* PickTwoTests.swift in Sources */,
				D8CACEEF28AF345A00F225F0 /* Game.swift in Sources */,
				D8CACEFE28BEB45000F225F0 /* User.swift in Sources */,
				D8CACEF528B0737600F225F0 /* Config.swift in Sources */,
				D8CACEF228AF3E6800F225F0 /* GamesView.swift in Sources */,
				D8CACEEC28ADBD0C00F225F0 /* Constants.swift in Sources */,
			);
			runOnlyForDeploymentPostprocessing = 0;
		};
		D88006162897141E00FCC982 /* Sources */ = {
			isa = PBXSourcesBuildPhase;
			buildActionMask = 2147483647;
			files = (
				D88006212897141E00FCC982 /* PickTwoUITestsLaunchTests.swift in Sources */,
				D880061F2897141E00FCC982 /* PickTwoUITests.swift in Sources */,
			);
			runOnlyForDeploymentPostprocessing = 0;
		};
/* End PBXSourcesBuildPhase section */

/* Begin PBXTargetDependency section */
		D88006122897141E00FCC982 /* PBXTargetDependency */ = {
			isa = PBXTargetDependency;
			target = D88005FF2897141C00FCC982 /* PickTwo */;
			targetProxy = D88006112897141E00FCC982 /* PBXContainerItemProxy */;
		};
		D880061C2897141E00FCC982 /* PBXTargetDependency */ = {
			isa = PBXTargetDependency;
			target = D88005FF2897141C00FCC982 /* PickTwo */;
			targetProxy = D880061B2897141E00FCC982 /* PBXContainerItemProxy */;
		};
/* End PBXTargetDependency section */

/* Begin XCBuildConfiguration section */
		D88006222897141E00FCC982 /* Debug */ = {
			isa = XCBuildConfiguration;
			buildSettings = {
				ALWAYS_SEARCH_USER_PATHS = NO;
				CLANG_ANALYZER_NONNULL = YES;
				CLANG_ANALYZER_NUMBER_OBJECT_CONVERSION = YES_AGGRESSIVE;
				CLANG_CXX_LANGUAGE_STANDARD = "gnu++17";
				CLANG_ENABLE_MODULES = YES;
				CLANG_ENABLE_OBJC_ARC = YES;
				CLANG_ENABLE_OBJC_WEAK = YES;
				CLANG_WARN_BLOCK_CAPTURE_AUTORELEASING = YES;
				CLANG_WARN_BOOL_CONVERSION = YES;
				CLANG_WARN_COMMA = YES;
				CLANG_WARN_CONSTANT_CONVERSION = YES;
				CLANG_WARN_DEPRECATED_OBJC_IMPLEMENTATIONS = YES;
				CLANG_WARN_DIRECT_OBJC_ISA_USAGE = YES_ERROR;
				CLANG_WARN_DOCUMENTATION_COMMENTS = YES;
				CLANG_WARN_EMPTY_BODY = YES;
				CLANG_WARN_ENUM_CONVERSION = YES;
				CLANG_WARN_INFINITE_RECURSION = YES;
				CLANG_WARN_INT_CONVERSION = YES;
				CLANG_WARN_NON_LITERAL_NULL_CONVERSION = YES;
				CLANG_WARN_OBJC_IMPLICIT_RETAIN_SELF = YES;
				CLANG_WARN_OBJC_LITERAL_CONVERSION = YES;
				CLANG_WARN_OBJC_ROOT_CLASS = YES_ERROR;
				CLANG_WARN_QUOTED_INCLUDE_IN_FRAMEWORK_HEADER = YES;
				CLANG_WARN_RANGE_LOOP_ANALYSIS = YES;
				CLANG_WARN_STRICT_PROTOTYPES = YES;
				CLANG_WARN_SUSPICIOUS_MOVE = YES;
				CLANG_WARN_UNGUARDED_AVAILABILITY = YES_AGGRESSIVE;
				CLANG_WARN_UNREACHABLE_CODE = YES;
				CLANG_WARN__DUPLICATE_METHOD_MATCH = YES;
				COPY_PHASE_STRIP = NO;
				DEBUG_INFORMATION_FORMAT = dwarf;
				ENABLE_STRICT_OBJC_MSGSEND = YES;
				ENABLE_TESTABILITY = YES;
				GCC_C_LANGUAGE_STANDARD = gnu11;
				GCC_DYNAMIC_NO_PIC = NO;
				GCC_NO_COMMON_BLOCKS = YES;
				GCC_OPTIMIZATION_LEVEL = 0;
				GCC_PREPROCESSOR_DEFINITIONS = (
					"DEBUG=1",
					"$(inherited)",
				);
				GCC_WARN_64_TO_32_BIT_CONVERSION = YES;
				GCC_WARN_ABOUT_RETURN_TYPE = YES_ERROR;
				GCC_WARN_UNDECLARED_SELECTOR = YES;
				GCC_WARN_UNINITIALIZED_AUTOS = YES_AGGRESSIVE;
				GCC_WARN_UNUSED_FUNCTION = YES;
				GCC_WARN_UNUSED_VARIABLE = YES;
				IPHONEOS_DEPLOYMENT_TARGET = 15.5;
				MTL_ENABLE_DEBUG_INFO = INCLUDE_SOURCE;
				MTL_FAST_MATH = YES;
				ONLY_ACTIVE_ARCH = YES;
				SDKROOT = iphoneos;
				SWIFT_ACTIVE_COMPILATION_CONDITIONS = DEBUG;
				SWIFT_OPTIMIZATION_LEVEL = "-Onone";
			};
			name = Debug;
		};
		D88006232897141E00FCC982 /* Release */ = {
			isa = XCBuildConfiguration;
			buildSettings = {
				ALWAYS_SEARCH_USER_PATHS = NO;
				CLANG_ANALYZER_NONNULL = YES;
				CLANG_ANALYZER_NUMBER_OBJECT_CONVERSION = YES_AGGRESSIVE;
				CLANG_CXX_LANGUAGE_STANDARD = "gnu++17";
				CLANG_ENABLE_MODULES = YES;
				CLANG_ENABLE_OBJC_ARC = YES;
				CLANG_ENABLE_OBJC_WEAK = YES;
				CLANG_WARN_BLOCK_CAPTURE_AUTORELEASING = YES;
				CLANG_WARN_BOOL_CONVERSION = YES;
				CLANG_WARN_COMMA = YES;
				CLANG_WARN_CONSTANT_CONVERSION = YES;
				CLANG_WARN_DEPRECATED_OBJC_IMPLEMENTATIONS = YES;
				CLANG_WARN_DIRECT_OBJC_ISA_USAGE = YES_ERROR;
				CLANG_WARN_DOCUMENTATION_COMMENTS = YES;
				CLANG_WARN_EMPTY_BODY = YES;
				CLANG_WARN_ENUM_CONVERSION = YES;
				CLANG_WARN_INFINITE_RECURSION = YES;
				CLANG_WARN_INT_CONVERSION = YES;
				CLANG_WARN_NON_LITERAL_NULL_CONVERSION = YES;
				CLANG_WARN_OBJC_IMPLICIT_RETAIN_SELF = YES;
				CLANG_WARN_OBJC_LITERAL_CONVERSION = YES;
				CLANG_WARN_OBJC_ROOT_CLASS = YES_ERROR;
				CLANG_WARN_QUOTED_INCLUDE_IN_FRAMEWORK_HEADER = YES;
				CLANG_WARN_RANGE_LOOP_ANALYSIS = YES;
				CLANG_WARN_STRICT_PROTOTYPES = YES;
				CLANG_WARN_SUSPICIOUS_MOVE = YES;
				CLANG_WARN_UNGUARDED_AVAILABILITY = YES_AGGRESSIVE;
				CLANG_WARN_UNREACHABLE_CODE = YES;
				CLANG_WARN__DUPLICATE_METHOD_MATCH = YES;
				COPY_PHASE_STRIP = NO;
				DEBUG_INFORMATION_FORMAT = "dwarf-with-dsym";
				ENABLE_NS_ASSERTIONS = NO;
				ENABLE_STRICT_OBJC_MSGSEND = YES;
				GCC_C_LANGUAGE_STANDARD = gnu11;
				GCC_NO_COMMON_BLOCKS = YES;
				GCC_WARN_64_TO_32_BIT_CONVERSION = YES;
				GCC_WARN_ABOUT_RETURN_TYPE = YES_ERROR;
				GCC_WARN_UNDECLARED_SELECTOR = YES;
				GCC_WARN_UNINITIALIZED_AUTOS = YES_AGGRESSIVE;
				GCC_WARN_UNUSED_FUNCTION = YES;
				GCC_WARN_UNUSED_VARIABLE = YES;
				IPHONEOS_DEPLOYMENT_TARGET = 15.5;
				MTL_ENABLE_DEBUG_INFO = NO;
				MTL_FAST_MATH = YES;
				SDKROOT = iphoneos;
				SWIFT_COMPILATION_MODE = wholemodule;
				SWIFT_OPTIMIZATION_LEVEL = "-O";
				VALIDATE_PRODUCT = YES;
			};
			name = Release;
		};
		D88006252897141E00FCC982 /* Debug */ = {
			isa = XCBuildConfiguration;
			buildSettings = {
				ASSETCATALOG_COMPILER_APPICON_NAME = AppIcon;
				ASSETCATALOG_COMPILER_GLOBAL_ACCENT_COLOR_NAME = AccentColor;
				ASSETCATALOG_COMPILER_INCLUDE_ALL_APPICON_ASSETS = YES;
				CODE_SIGN_ENTITLEMENTS = PickTwo/PickTwo.entitlements;
				CODE_SIGN_IDENTITY = "Apple Development";
				CODE_SIGN_STYLE = Automatic;
				CURRENT_PROJECT_VERSION = 12;
				DEVELOPMENT_ASSET_PATHS = "\"PickTwo/Preview Content\"";
				DEVELOPMENT_TEAM = L8RQXRRVJ4;
				ENABLE_PREVIEWS = YES;
				GENERATE_INFOPLIST_FILE = YES;
				INFOPLIST_FILE = PickTwo/Info.plist;
				INFOPLIST_KEY_UIApplicationSceneManifest_Generation = YES;
				INFOPLIST_KEY_UIApplicationSupportsIndirectInputEvents = YES;
				INFOPLIST_KEY_UILaunchScreen_Generation = YES;
				INFOPLIST_KEY_UISupportedInterfaceOrientations = "";
				INFOPLIST_KEY_UISupportedInterfaceOrientations_iPad = "UIInterfaceOrientationPortrait UIInterfaceOrientationPortraitUpsideDown UIInterfaceOrientationLandscapeLeft UIInterfaceOrientationLandscapeRight";
				INFOPLIST_KEY_UISupportedInterfaceOrientations_iPhone = "UIInterfaceOrientationPortrait UIInterfaceOrientationLandscapeLeft UIInterfaceOrientationLandscapeRight";
				IPHONEOS_DEPLOYMENT_TARGET = 15.0;
				LD_RUNPATH_SEARCH_PATHS = (
					"$(inherited)",
					"@executable_path/Frameworks",
				);
				MARKETING_VERSION = 1.0;
				PRODUCT_BUNDLE_IDENTIFIER = zbmw.PickTwo;
				PRODUCT_NAME = "$(TARGET_NAME)";
				PROVISIONING_PROFILE_SPECIFIER = "";
				SWIFT_EMIT_LOC_STRINGS = YES;
				SWIFT_VERSION = 5.0;
				TARGETED_DEVICE_FAMILY = "1,2";
			};
			name = Debug;
		};
		D88006262897141E00FCC982 /* Release */ = {
			isa = XCBuildConfiguration;
			buildSettings = {
				ASSETCATALOG_COMPILER_APPICON_NAME = AppIcon;
				ASSETCATALOG_COMPILER_GLOBAL_ACCENT_COLOR_NAME = AccentColor;
				ASSETCATALOG_COMPILER_INCLUDE_ALL_APPICON_ASSETS = YES;
				CODE_SIGN_ENTITLEMENTS = PickTwo/PickTwo.entitlements;
				CODE_SIGN_IDENTITY = "Apple Development";
				CODE_SIGN_STYLE = Automatic;
				CURRENT_PROJECT_VERSION = 12;
				DEVELOPMENT_ASSET_PATHS = "\"PickTwo/Preview Content\"";
				DEVELOPMENT_TEAM = L8RQXRRVJ4;
				ENABLE_PREVIEWS = YES;
				GENERATE_INFOPLIST_FILE = YES;
				INFOPLIST_FILE = PickTwo/Info.plist;
				INFOPLIST_KEY_UIApplicationSceneManifest_Generation = YES;
				INFOPLIST_KEY_UIApplicationSupportsIndirectInputEvents = YES;
				INFOPLIST_KEY_UILaunchScreen_Generation = YES;
				INFOPLIST_KEY_UISupportedInterfaceOrientations = "";
				INFOPLIST_KEY_UISupportedInterfaceOrientations_iPad = "UIInterfaceOrientationPortrait UIInterfaceOrientationPortraitUpsideDown UIInterfaceOrientationLandscapeLeft UIInterfaceOrientationLandscapeRight";
				INFOPLIST_KEY_UISupportedInterfaceOrientations_iPhone = "UIInterfaceOrientationPortrait UIInterfaceOrientationLandscapeLeft UIInterfaceOrientationLandscapeRight";
				IPHONEOS_DEPLOYMENT_TARGET = 15.0;
				LD_RUNPATH_SEARCH_PATHS = (
					"$(inherited)",
					"@executable_path/Frameworks",
				);
				MARKETING_VERSION = 1.0;
				PRODUCT_BUNDLE_IDENTIFIER = zbmw.PickTwo;
				PRODUCT_NAME = "$(TARGET_NAME)";
				PROVISIONING_PROFILE_SPECIFIER = "";
				SWIFT_EMIT_LOC_STRINGS = YES;
				SWIFT_VERSION = 5.0;
				TARGETED_DEVICE_FAMILY = "1,2";
			};
			name = Release;
		};
		D88006282897141E00FCC982 /* Debug */ = {
			isa = XCBuildConfiguration;
			buildSettings = {
				ALWAYS_EMBED_SWIFT_STANDARD_LIBRARIES = YES;
				BUNDLE_LOADER = "$(TEST_HOST)";
				CODE_SIGN_STYLE = Automatic;
				CURRENT_PROJECT_VERSION = 1;
				DEVELOPMENT_TEAM = L8RQXRRVJ4;
				GENERATE_INFOPLIST_FILE = YES;
				IPHONEOS_DEPLOYMENT_TARGET = 15.5;
				MARKETING_VERSION = 1.0;
				PRODUCT_BUNDLE_IDENTIFIER = zbmw.PickTwoTests;
				PRODUCT_NAME = "$(TARGET_NAME)";
				SWIFT_EMIT_LOC_STRINGS = NO;
				SWIFT_VERSION = 5.0;
				TARGETED_DEVICE_FAMILY = "1,2";
				TEST_HOST = "$(BUILT_PRODUCTS_DIR)/PickTwo.app/PickTwo";
			};
			name = Debug;
		};
		D88006292897141E00FCC982 /* Release */ = {
			isa = XCBuildConfiguration;
			buildSettings = {
				ALWAYS_EMBED_SWIFT_STANDARD_LIBRARIES = YES;
				BUNDLE_LOADER = "$(TEST_HOST)";
				CODE_SIGN_STYLE = Automatic;
				CURRENT_PROJECT_VERSION = 1;
				DEVELOPMENT_TEAM = L8RQXRRVJ4;
				GENERATE_INFOPLIST_FILE = YES;
				IPHONEOS_DEPLOYMENT_TARGET = 15.5;
				MARKETING_VERSION = 1.0;
				PRODUCT_BUNDLE_IDENTIFIER = zbmw.PickTwoTests;
				PRODUCT_NAME = "$(TARGET_NAME)";
				SWIFT_EMIT_LOC_STRINGS = NO;
				SWIFT_VERSION = 5.0;
				TARGETED_DEVICE_FAMILY = "1,2";
				TEST_HOST = "$(BUILT_PRODUCTS_DIR)/PickTwo.app/PickTwo";
			};
			name = Release;
		};
		D880062B2897141E00FCC982 /* Debug */ = {
			isa = XCBuildConfiguration;
			buildSettings = {
				ALWAYS_EMBED_SWIFT_STANDARD_LIBRARIES = YES;
				CODE_SIGN_STYLE = Automatic;
				CURRENT_PROJECT_VERSION = 1;
				DEVELOPMENT_TEAM = L8RQXRRVJ4;
				GENERATE_INFOPLIST_FILE = YES;
				MARKETING_VERSION = 1.0;
				PRODUCT_BUNDLE_IDENTIFIER = zbmw.PickTwoUITests;
				PRODUCT_NAME = "$(TARGET_NAME)";
				SWIFT_EMIT_LOC_STRINGS = NO;
				SWIFT_VERSION = 5.0;
				TARGETED_DEVICE_FAMILY = "1,2";
				TEST_TARGET_NAME = PickTwo;
			};
			name = Debug;
		};
		D880062C2897141E00FCC982 /* Release */ = {
			isa = XCBuildConfiguration;
			buildSettings = {
				ALWAYS_EMBED_SWIFT_STANDARD_LIBRARIES = YES;
				CODE_SIGN_STYLE = Automatic;
				CURRENT_PROJECT_VERSION = 1;
				DEVELOPMENT_TEAM = L8RQXRRVJ4;
				GENERATE_INFOPLIST_FILE = YES;
				MARKETING_VERSION = 1.0;
				PRODUCT_BUNDLE_IDENTIFIER = zbmw.PickTwoUITests;
				PRODUCT_NAME = "$(TARGET_NAME)";
				SWIFT_EMIT_LOC_STRINGS = NO;
				SWIFT_VERSION = 5.0;
				TARGETED_DEVICE_FAMILY = "1,2";
				TEST_TARGET_NAME = PickTwo;
			};
			name = Release;
		};
/* End XCBuildConfiguration section */

/* Begin XCConfigurationList section */
		D88005FB2897141C00FCC982 /* Build configuration list for PBXProject "PickTwo" */ = {
			isa = XCConfigurationList;
			buildConfigurations = (
				D88006222897141E00FCC982 /* Debug */,
				D88006232897141E00FCC982 /* Release */,
			);
			defaultConfigurationIsVisible = 0;
			defaultConfigurationName = Release;
		};
		D88006242897141E00FCC982 /* Build configuration list for PBXNativeTarget "PickTwo" */ = {
			isa = XCConfigurationList;
			buildConfigurations = (
				D88006252897141E00FCC982 /* Debug */,
				D88006262897141E00FCC982 /* Release */,
			);
			defaultConfigurationIsVisible = 0;
			defaultConfigurationName = Release;
		};
		D88006272897141E00FCC982 /* Build configuration list for PBXNativeTarget "PickTwoTests" */ = {
			isa = XCConfigurationList;
			buildConfigurations = (
				D88006282897141E00FCC982 /* Debug */,
				D88006292897141E00FCC982 /* Release */,
			);
			defaultConfigurationIsVisible = 0;
			defaultConfigurationName = Release;
		};
		D880062A2897141E00FCC982 /* Build configuration list for PBXNativeTarget "PickTwoUITests" */ = {
			isa = XCConfigurationList;
			buildConfigurations = (
				D880062B2897141E00FCC982 /* Debug */,
				D880062C2897141E00FCC982 /* Release */,
			);
			defaultConfigurationIsVisible = 0;
			defaultConfigurationName = Release;
		};
/* End XCConfigurationList section */

/* Begin XCRemoteSwiftPackageReference section */
		D83B2E16289B47FE001853CA /* XCRemoteSwiftPackageReference "firebase-ios-sdk" */ = {
			isa = XCRemoteSwiftPackageReference;
			repositoryURL = "https://github.com/firebase/firebase-ios-sdk.git";
			requirement = {
				kind = upToNextMajorVersion;
				minimumVersion = 9.0.0;
			};
		};
		D8CACEE328AB141F00F225F0 /* XCRemoteSwiftPackageReference "firebase-ios-sdk" */ = {
			isa = XCRemoteSwiftPackageReference;
			repositoryURL = "https://github.com/firebase/firebase-ios-sdk.git";
			requirement = {
				kind = upToNextMajorVersion;
				minimumVersion = 9.0.0;
			};
		};
/* End XCRemoteSwiftPackageReference section */

/* Begin XCSwiftPackageProductDependency section */
		D83B2E17289B47FE001853CA /* FirebaseAuth */ = {
			isa = XCSwiftPackageProductDependency;
			package = D83B2E16289B47FE001853CA /* XCRemoteSwiftPackageReference "firebase-ios-sdk" */;
			productName = FirebaseAuth;
		};
		D83B2E19289B47FE001853CA /* FirebaseFirestore */ = {
			isa = XCSwiftPackageProductDependency;
			package = D83B2E16289B47FE001853CA /* XCRemoteSwiftPackageReference "firebase-ios-sdk" */;
			productName = FirebaseFirestore;
		};
		D83B2E1B289B47FE001853CA /* FirebaseFirestoreCombine-Community */ = {
			isa = XCSwiftPackageProductDependency;
			package = D83B2E16289B47FE001853CA /* XCRemoteSwiftPackageReference "firebase-ios-sdk" */;
			productName = "FirebaseFirestoreCombine-Community";
		};
		D83B2E1D289B47FE001853CA /* FirebaseFirestoreSwift */ = {
			isa = XCSwiftPackageProductDependency;
			package = D83B2E16289B47FE001853CA /* XCRemoteSwiftPackageReference "firebase-ios-sdk" */;
			productName = FirebaseFirestoreSwift;
		};
		D83B2E1F289B47FE001853CA /* FirebaseStorage */ = {
			isa = XCSwiftPackageProductDependency;
			package = D83B2E16289B47FE001853CA /* XCRemoteSwiftPackageReference "firebase-ios-sdk" */;
			productName = FirebaseStorage;
		};
		D8CACEE428AB141F00F225F0 /* FirebaseFirestore */ = {
			isa = XCSwiftPackageProductDependency;
			package = D83B2E16289B47FE001853CA /* XCRemoteSwiftPackageReference "firebase-ios-sdk" */;
			productName = FirebaseFirestore;
		};
		D8CACEE628AB141F00F225F0 /* FirebaseFirestoreCombine-Community */ = {
			isa = XCSwiftPackageProductDependency;
			package = D83B2E16289B47FE001853CA /* XCRemoteSwiftPackageReference "firebase-ios-sdk" */;
			productName = "FirebaseFirestoreCombine-Community";
		};
		D8CACEE828AB141F00F225F0 /* FirebaseFirestoreSwift */ = {
			isa = XCSwiftPackageProductDependency;
			package = D83B2E16289B47FE001853CA /* XCRemoteSwiftPackageReference "firebase-ios-sdk" */;
			productName = FirebaseFirestoreSwift;
		};
/* End XCSwiftPackageProductDependency section */
	};
	rootObject = D88005F82897141C00FCC982 /* Project object */;
}
